// !$*UTF8*$!
{
	archiveVersion = 1;
	classes = {
	};
	objectVersion = 56;
	objects = {

/* Begin PBXBuildFile section */
		FCC28478293DAFD00064F7A5 /* BearHubApp.swift in Sources */ = {isa = PBXBuildFile; fileRef = FCC28477293DAFD00064F7A5 /* BearHubApp.swift */; };
		FCC2847A293DAFD00064F7A5 /* MainView.swift in Sources */ = {isa = PBXBuildFile; fileRef = FCC28479293DAFD00064F7A5 /* MainView.swift */; };
		FCC2847C293DAFD20064F7A5 /* Assets.xcassets in Resources */ = {isa = PBXBuildFile; fileRef = FCC2847B293DAFD20064F7A5 /* Assets.xcassets */; };
		FCC2847F293DAFD20064F7A5 /* Preview Assets.xcassets in Resources */ = {isa = PBXBuildFile; fileRef = FCC2847E293DAFD20064F7A5 /* Preview Assets.xcassets */; };
		FCC28489293DAFD20064F7A5 /* BearHubTests.swift in Sources */ = {isa = PBXBuildFile; fileRef = FCC28488293DAFD20064F7A5 /* BearHubTests.swift */; };
		FCC28493293DAFD20064F7A5 /* BearHubUITests.swift in Sources */ = {isa = PBXBuildFile; fileRef = FCC28492293DAFD20064F7A5 /* BearHubUITests.swift */; };
		FCC28495293DAFD20064F7A5 /* BearHubUITestsLaunchTests.swift in Sources */ = {isa = PBXBuildFile; fileRef = FCC28494293DAFD20064F7A5 /* BearHubUITestsLaunchTests.swift */; };
		FCC284A2293DE40C0064F7A5 /* CustomCell.swift in Sources */ = {isa = PBXBuildFile; fileRef = FCC284A1293DE40C0064F7A5 /* CustomCell.swift */; };
		FCC284A4293ED3860064F7A5 /* ProfileView.swift in Sources */ = {isa = PBXBuildFile; fileRef = FCC284A3293ED3860064F7A5 /* ProfileView.swift */; };
		FCC284AC294157320064F7A5 /* ContentView.swift in Sources */ = {isa = PBXBuildFile; fileRef = FCC284AB294157320064F7A5 /* ContentView.swift */; };
		FCC284AE294157620064F7A5 /* LikeButton.swift in Sources */ = {isa = PBXBuildFile; fileRef = FCC284AD294157620064F7A5 /* LikeButton.swift */; };
/* End PBXBuildFile section */

/* Begin PBXContainerItemProxy section */
		FCC28485293DAFD20064F7A5 /* PBXContainerItemProxy */ = {
			isa = PBXContainerItemProxy;
			containerPortal = FCC2846C293DAFD00064F7A5 /* Project object */;
			proxyType = 1;
			remoteGlobalIDString = FCC28473293DAFD00064F7A5;
			remoteInfo = BearHub;
		};
		FCC2848F293DAFD20064F7A5 /* PBXContainerItemProxy */ = {
			isa = PBXContainerItemProxy;
			containerPortal = FCC2846C293DAFD00064F7A5 /* Project object */;
			proxyType = 1;
			remoteGlobalIDString = FCC28473293DAFD00064F7A5;
			remoteInfo = BearHub;
		};
/* End PBXContainerItemProxy section */

/* Begin PBXFileReference section */
		FCC28474293DAFD00064F7A5 /* BearHub.app */ = {isa = PBXFileReference; explicitFileType = wrapper.application; includeInIndex = 0; path = BearHub.app; sourceTree = BUILT_PRODUCTS_DIR; };
		FCC28477293DAFD00064F7A5 /* BearHubApp.swift */ = {isa = PBXFileReference; lastKnownFileType = sourcecode.swift; path = BearHubApp.swift; sourceTree = "<group>"; };
		FCC28479293DAFD00064F7A5 /* MainView.swift */ = {isa = PBXFileReference; lastKnownFileType = sourcecode.swift; path = MainView.swift; sourceTree = "<group>"; };
		FCC2847B293DAFD20064F7A5 /* Assets.xcassets */ = {isa = PBXFileReference; lastKnownFileType = folder.assetcatalog; path = Assets.xcassets; sourceTree = "<group>"; };
		FCC2847E293DAFD20064F7A5 /* Preview Assets.xcassets */ = {isa = PBXFileReference; lastKnownFileType = folder.assetcatalog; path = "Preview Assets.xcassets"; sourceTree = "<group>"; };
		FCC28484293DAFD20064F7A5 /* BearHubTests.xctest */ = {isa = PBXFileReference; explicitFileType = wrapper.cfbundle; includeInIndex = 0; path = BearHubTests.xctest; sourceTree = BUILT_PRODUCTS_DIR; };
		FCC28488293DAFD20064F7A5 /* BearHubTests.swift */ = {isa = PBXFileReference; lastKnownFileType = sourcecode.swift; path = BearHubTests.swift; sourceTree = "<group>"; };
		FCC2848E293DAFD20064F7A5 /* BearHubUITests.xctest */ = {isa = PBXFileReference; explicitFileType = wrapper.cfbundle; includeInIndex = 0; path = BearHubUITests.xctest; sourceTree = BUILT_PRODUCTS_DIR; };
		FCC28492293DAFD20064F7A5 /* BearHubUITests.swift */ = {isa = PBXFileReference; lastKnownFileType = sourcecode.swift; path = BearHubUITests.swift; sourceTree = "<group>"; };
		FCC28494293DAFD20064F7A5 /* BearHubUITestsLaunchTests.swift */ = {isa = PBXFileReference; lastKnownFileType = sourcecode.swift; path = BearHubUITestsLaunchTests.swift; sourceTree = "<group>"; };
		FCC284A1293DE40C0064F7A5 /* CustomCell.swift */ = {isa = PBXFileReference; lastKnownFileType = sourcecode.swift; path = CustomCell.swift; sourceTree = "<group>"; };
		FCC284A3293ED3860064F7A5 /* ProfileView.swift */ = {isa = PBXFileReference; lastKnownFileType = sourcecode.swift; path = ProfileView.swift; sourceTree = "<group>"; };
		FCC284AB294157320064F7A5 /* ContentView.swift */ = {isa = PBXFileReference; lastKnownFileType = sourcecode.swift; path = ContentView.swift; sourceTree = "<group>"; };
		FCC284AD294157620064F7A5 /* LikeButton.swift */ = {isa = PBXFileReference; lastKnownFileType = sourcecode.swift; path = LikeButton.swift; sourceTree = "<group>"; };
/* End PBXFileReference section */

/* Begin PBXFrameworksBuildPhase section */
		FCC28471293DAFD00064F7A5 /* Frameworks */ = {
			isa = PBXFrameworksBuildPhase;
			buildActionMask = 2147483647;
			files = (
			);
			runOnlyForDeploymentPostprocessing = 0;
		};
		FCC28481293DAFD20064F7A5 /* Frameworks */ = {
			isa = PBXFrameworksBuildPhase;
			buildActionMask = 2147483647;
			files = (
			);
			runOnlyForDeploymentPostprocessing = 0;
		};
		FCC2848B293DAFD20064F7A5 /* Frameworks */ = {
			isa = PBXFrameworksBuildPhase;
			buildActionMask = 2147483647;
			files = (
			);
			runOnlyForDeploymentPostprocessing = 0;
		};
/* End PBXFrameworksBuildPhase section */

/* Begin PBXGroup section */
		FCC2846B293DAFD00064F7A5 = {
			isa = PBXGroup;
			children = (
				FCC28476293DAFD00064F7A5 /* BearHub */,
				FCC28487293DAFD20064F7A5 /* BearHubTests */,
				FCC28491293DAFD20064F7A5 /* BearHubUITests */,
				FCC28475293DAFD00064F7A5 /* Products */,
			);
			sourceTree = "<group>";
		};
		FCC28475293DAFD00064F7A5 /* Products */ = {
			isa = PBXGroup;
			children = (
				FCC28474293DAFD00064F7A5 /* BearHub.app */,
				FCC28484293DAFD20064F7A5 /* BearHubTests.xctest */,
				FCC2848E293DAFD20064F7A5 /* BearHubUITests.xctest */,
			);
			name = Products;
			sourceTree = "<group>";
		};
		FCC28476293DAFD00064F7A5 /* BearHub */ = {
			isa = PBXGroup;
			children = (
				FCC28477293DAFD00064F7A5 /* BearHubApp.swift */,
				FCC28479293DAFD00064F7A5 /* MainView.swift */,
				FCC2847B293DAFD20064F7A5 /* Assets.xcassets */,
				FCC284A1293DE40C0064F7A5 /* CustomCell.swift */,
				FCC284A3293ED3860064F7A5 /* ProfileView.swift */,
				FCC284AB294157320064F7A5 /* ContentView.swift */,
				FCC284AD294157620064F7A5 /* LikeButton.swift */,
				FCC2847D293DAFD20064F7A5 /* Preview Content */,
			);
			path = BearHub;
			sourceTree = "<group>";
		};
		FCC2847D293DAFD20064F7A5 /* Preview Content */ = {
			isa = PBXGroup;
			children = (
				FCC2847E293DAFD20064F7A5 /* Preview Assets.xcassets */,
			);
			path = "Preview Content";
			sourceTree = "<group>";
		};
		FCC28487293DAFD20064F7A5 /* BearHubTests */ = {
			isa = PBXGroup;
			children = (
				FCC28488293DAFD20064F7A5 /* BearHubTests.swift */,
			);
			path = BearHubTests;
			sourceTree = "<group>";
		};
		FCC28491293DAFD20064F7A5 /* BearHubUITests */ = {
			isa = PBXGroup;
			children = (
				FCC28492293DAFD20064F7A5 /* BearHubUITests.swift */,
				FCC28494293DAFD20064F7A5 /* BearHubUITestsLaunchTests.swift */,
			);
			path = BearHubUITests;
			sourceTree = "<group>";
		};
/* End PBXGroup section */

/* Begin PBXNativeTarget section */
		FCC28473293DAFD00064F7A5 /* BearHub */ = {
			isa = PBXNativeTarget;
			buildConfigurationList = FCC28498293DAFD20064F7A5 /* Build configuration list for PBXNativeTarget "BearHub" */;
			buildPhases = (
				FCC28470293DAFD00064F7A5 /* Sources */,
				FCC28471293DAFD00064F7A5 /* Frameworks */,
				FCC28472293DAFD00064F7A5 /* Resources */,
			);
			buildRules = (
			);
			dependencies = (
			);
			name = BearHub;
			productName = BearHub;
			productReference = FCC28474293DAFD00064F7A5 /* BearHub.app */;
			productType = "com.apple.product-type.application";
		};
		FCC28483293DAFD20064F7A5 /* BearHubTests */ = {
			isa = PBXNativeTarget;
			buildConfigurationList = FCC2849B293DAFD20064F7A5 /* Build configuration list for PBXNativeTarget "BearHubTests" */;
			buildPhases = (
				FCC28480293DAFD20064F7A5 /* Sources */,
				FCC28481293DAFD20064F7A5 /* Frameworks */,
				FCC28482293DAFD20064F7A5 /* Resources */,
			);
			buildRules = (
			);
			dependencies = (
				FCC28486293DAFD20064F7A5 /* PBXTargetDependency */,
			);
			name = BearHubTests;
			productName = BearHubTests;
			productReference = FCC28484293DAFD20064F7A5 /* BearHubTests.xctest */;
			productType = "com.apple.product-type.bundle.unit-test";
		};
		FCC2848D293DAFD20064F7A5 /* BearHubUITests */ = {
			isa = PBXNativeTarget;
			buildConfigurationList = FCC2849E293DAFD20064F7A5 /* Build configuration list for PBXNativeTarget "BearHubUITests" */;
			buildPhases = (
				FCC2848A293DAFD20064F7A5 /* Sources */,
				FCC2848B293DAFD20064F7A5 /* Frameworks */,
				FCC2848C293DAFD20064F7A5 /* Resources */,
			);
			buildRules = (
			);
			dependencies = (
				FCC28490293DAFD20064F7A5 /* PBXTargetDependency */,
			);
			name = BearHubUITests;
			productName = BearHubUITests;
			productReference = FCC2848E293DAFD20064F7A5 /* BearHubUITests.xctest */;
			productType = "com.apple.product-type.bundle.ui-testing";
		};
/* End PBXNativeTarget section */

/* Begin PBXProject section */
		FCC2846C293DAFD00064F7A5 /* Project object */ = {
			isa = PBXProject;
			attributes = {
				BuildIndependentTargetsInParallel = 1;
				LastSwiftUpdateCheck = 1400;
				LastUpgradeCheck = 1400;
				TargetAttributes = {
					FCC28473293DAFD00064F7A5 = {
						CreatedOnToolsVersion = 14.0;
					};
					FCC28483293DAFD20064F7A5 = {
						CreatedOnToolsVersion = 14.0;
						TestTargetID = FCC28473293DAFD00064F7A5;
					};
					FCC2848D293DAFD20064F7A5 = {
						CreatedOnToolsVersion = 14.0;
						TestTargetID = FCC28473293DAFD00064F7A5;
					};
				};
			};
			buildConfigurationList = FCC2846F293DAFD00064F7A5 /* Build configuration list for PBXProject "BearHub" */;
			compatibilityVersion = "Xcode 14.0";
			developmentRegion = en;
			hasScannedForEncodings = 0;
			knownRegions = (
				en,
				Base,
			);
			mainGroup = FCC2846B293DAFD00064F7A5;
			productRefGroup = FCC28475293DAFD00064F7A5 /* Products */;
			projectDirPath = "";
			projectRoot = "";
			targets = (
				FCC28473293DAFD00064F7A5 /* BearHub */,
				FCC28483293DAFD20064F7A5 /* BearHubTests */,
				FCC2848D293DAFD20064F7A5 /* BearHubUITests */,
			);
		};
/* End PBXProject section */

/* Begin PBXResourcesBuildPhase section */
		FCC28472293DAFD00064F7A5 /* Resources */ = {
			isa = PBXResourcesBuildPhase;
			buildActionMask = 2147483647;
			files = (
				FCC2847F293DAFD20064F7A5 /* Preview Assets.xcassets in Resources */,
				FCC2847C293DAFD20064F7A5 /* Assets.xcassets in Resources */,
			);
			runOnlyForDeploymentPostprocessing = 0;
		};
		FCC28482293DAFD20064F7A5 /* Resources */ = {
			isa = PBXResourcesBuildPhase;
			buildActionMask = 2147483647;
			files = (
			);
			runOnlyForDeploymentPostprocessing = 0;
		};
		FCC2848C293DAFD20064F7A5 /* Resources */ = {
			isa = PBXResourcesBuildPhase;
			buildActionMask = 2147483647;
			files = (
			);
			runOnlyForDeploymentPostprocessing = 0;
		};
/* End PBXResourcesBuildPhase section */

/* Begin PBXSourcesBuildPhase section */
		FCC28470293DAFD00064F7A5 /* Sources */ = {
			isa = PBXSourcesBuildPhase;
			buildActionMask = 2147483647;
			files = (
				FCC2847A293DAFD00064F7A5 /* MainView.swift in Sources */,
				FCC284AC294157320064F7A5 /* ContentView.swift in Sources */,
				FCC284A4293ED3860064F7A5 /* ProfileView.swift in Sources */,
				FCC284A2293DE40C0064F7A5 /* CustomCell.swift in Sources */,
				FCC284AE294157620064F7A5 /* LikeButton.swift in Sources */,
				FCC28478293DAFD00064F7A5 /* BearHubApp.swift in Sources */,
			);
			runOnlyForDeploymentPostprocessing = 0;
		};
		FCC28480293DAFD20064F7A5 /* Sources */ = {
			isa = PBXSourcesBuildPhase;
			buildActionMask = 2147483647;
			files = (
				FCC28489293DAFD20064F7A5 /* BearHubTests.swift in Sources */,
			);
			runOnlyForDeploymentPostprocessing = 0;
		};
		FCC2848A293DAFD20064F7A5 /* Sources */ = {
			isa = PBXSourcesBuildPhase;
			buildActionMask = 2147483647;
			files = (
				FCC28495293DAFD20064F7A5 /* BearHubUITestsLaunchTests.swift in Sources */,
				FCC28493293DAFD20064F7A5 /* BearHubUITests.swift in Sources */,
			);
			runOnlyForDeploymentPostprocessing = 0;
		};
/* End PBXSourcesBuildPhase section */

/* Begin PBXTargetDependency section */
		FCC28486293DAFD20064F7A5 /* PBXTargetDependency */ = {
			isa = PBXTargetDependency;
			target = FCC28473293DAFD00064F7A5 /* BearHub */;
			targetProxy = FCC28485293DAFD20064F7A5 /* PBXContainerItemProxy */;
		};
		FCC28490293DAFD20064F7A5 /* PBXTargetDependency */ = {
			isa = PBXTargetDependency;
			target = FCC28473293DAFD00064F7A5 /* BearHub */;
			targetProxy = FCC2848F293DAFD20064F7A5 /* PBXContainerItemProxy */;
		};
/* End PBXTargetDependency section */

/* Begin XCBuildConfiguration section */
		FCC28496293DAFD20064F7A5 /* Debug */ = {
			isa = XCBuildConfiguration;
			buildSettings = {
				ALWAYS_SEARCH_USER_PATHS = NO;
				CLANG_ANALYZER_NONNULL = YES;
				CLANG_ANALYZER_NUMBER_OBJECT_CONVERSION = YES_AGGRESSIVE;
				CLANG_CXX_LANGUAGE_STANDARD = "gnu++20";
				CLANG_ENABLE_MODULES = YES;
				CLANG_ENABLE_OBJC_ARC = YES;
				CLANG_ENABLE_OBJC_WEAK = YES;
				CLANG_WARN_BLOCK_CAPTURE_AUTORELEASING = YES;
				CLANG_WARN_BOOL_CONVERSION = YES;
				CLANG_WARN_COMMA = YES;
				CLANG_WARN_CONSTANT_CONVERSION = YES;
				CLANG_WARN_DEPRECATED_OBJC_IMPLEMENTATIONS = YES;
				CLANG_WARN_DIRECT_OBJC_ISA_USAGE = YES_ERROR;
				CLANG_WARN_DOCUMENTATION_COMMENTS = YES;
				CLANG_WARN_EMPTY_BODY = YES;
				CLANG_WARN_ENUM_CONVERSION = YES;
				CLANG_WARN_INFINITE_RECURSION = YES;
				CLANG_WARN_INT_CONVERSION = YES;
				CLANG_WARN_NON_LITERAL_NULL_CONVERSION = YES;
				CLANG_WARN_OBJC_IMPLICIT_RETAIN_SELF = YES;
				CLANG_WARN_OBJC_LITERAL_CONVERSION = YES;
				CLANG_WARN_OBJC_ROOT_CLASS = YES_ERROR;
				CLANG_WARN_QUOTED_INCLUDE_IN_FRAMEWORK_HEADER = YES;
				CLANG_WARN_RANGE_LOOP_ANALYSIS = YES;
				CLANG_WARN_STRICT_PROTOTYPES = YES;
				CLANG_WARN_SUSPICIOUS_MOVE = YES;
				CLANG_WARN_UNGUARDED_AVAILABILITY = YES_AGGRESSIVE;
				CLANG_WARN_UNREACHABLE_CODE = YES;
				CLANG_WARN__DUPLICATE_METHOD_MATCH = YES;
				COPY_PHASE_STRIP = NO;
				DEBUG_INFORMATION_FORMAT = dwarf;
				ENABLE_STRICT_OBJC_MSGSEND = YES;
				ENABLE_TESTABILITY = YES;
				GCC_C_LANGUAGE_STANDARD = gnu11;
				GCC_DYNAMIC_NO_PIC = NO;
				GCC_NO_COMMON_BLOCKS = YES;
				GCC_OPTIMIZATION_LEVEL = 0;
				GCC_PREPROCESSOR_DEFINITIONS = (
					"DEBUG=1",
					"$(inherited)",
				);
				GCC_WARN_64_TO_32_BIT_CONVERSION = YES;
				GCC_WARN_ABOUT_RETURN_TYPE = YES_ERROR;
				GCC_WARN_UNDECLARED_SELECTOR = YES;
				GCC_WARN_UNINITIALIZED_AUTOS = YES_AGGRESSIVE;
				GCC_WARN_UNUSED_FUNCTION = YES;
				GCC_WARN_UNUSED_VARIABLE = YES;
				IPHONEOS_DEPLOYMENT_TARGET = 16.0;
				MTL_ENABLE_DEBUG_INFO = INCLUDE_SOURCE;
				MTL_FAST_MATH = YES;
				ONLY_ACTIVE_ARCH = YES;
				SDKROOT = iphoneos;
				SWIFT_ACTIVE_COMPILATION_CONDITIONS = DEBUG;
				SWIFT_OPTIMIZATION_LEVEL = "-Onone";
			};
			name = Debug;
		};
		FCC28497293DAFD20064F7A5 /* Release */ = {
			isa = XCBuildConfiguration;
			buildSettings = {
				ALWAYS_SEARCH_USER_PATHS = NO;
				CLANG_ANALYZER_NONNULL = YES;
				CLANG_ANALYZER_NUMBER_OBJECT_CONVERSION = YES_AGGRESSIVE;
				CLANG_CXX_LANGUAGE_STANDARD = "gnu++20";
				CLANG_ENABLE_MODULES = YES;
				CLANG_ENABLE_OBJC_ARC = YES;
				CLANG_ENABLE_OBJC_WEAK = YES;
				CLANG_WARN_BLOCK_CAPTURE_AUTORELEASING = YES;
				CLANG_WARN_BOOL_CONVERSION = YES;
				CLANG_WARN_COMMA = YES;
				CLANG_WARN_CONSTANT_CONVERSION = YES;
				CLANG_WARN_DEPRECATED_OBJC_IMPLEMENTATIONS = YES;
				CLANG_WARN_DIRECT_OBJC_ISA_USAGE = YES_ERROR;
				CLANG_WARN_DOCUMENTATION_COMMENTS = YES;
				CLANG_WARN_EMPTY_BODY = YES;
				CLANG_WARN_ENUM_CONVERSION = YES;
				CLANG_WARN_INFINITE_RECURSION = YES;
				CLANG_WARN_INT_CONVERSION = YES;
				CLANG_WARN_NON_LITERAL_NULL_CONVERSION = YES;
				CLANG_WARN_OBJC_IMPLICIT_RETAIN_SELF = YES;
				CLANG_WARN_OBJC_LITERAL_CONVERSION = YES;
				CLANG_WARN_OBJC_ROOT_CLASS = YES_ERROR;
				CLANG_WARN_QUOTED_INCLUDE_IN_FRAMEWORK_HEADER = YES;
				CLANG_WARN_RANGE_LOOP_ANALYSIS = YES;
				CLANG_WARN_STRICT_PROTOTYPES = YES;
				CLANG_WARN_SUSPICIOUS_MOVE = YES;
				CLANG_WARN_UNGUARDED_AVAILABILITY = YES_AGGRESSIVE;
				CLANG_WARN_UNREACHABLE_CODE = YES;
				CLANG_WARN__DUPLICATE_METHOD_MATCH = YES;
				COPY_PHASE_STRIP = NO;
				DEBUG_INFORMATION_FORMAT = "dwarf-with-dsym";
				ENABLE_NS_ASSERTIONS = NO;
				ENABLE_STRICT_OBJC_MSGSEND = YES;
				GCC_C_LANGUAGE_STANDARD = gnu11;
				GCC_NO_COMMON_BLOCKS = YES;
				GCC_WARN_64_TO_32_BIT_CONVERSION = YES;
				GCC_WARN_ABOUT_RETURN_TYPE = YES_ERROR;
				GCC_WARN_UNDECLARED_SELECTOR = YES;
				GCC_WARN_UNINITIALIZED_AUTOS = YES_AGGRESSIVE;
				GCC_WARN_UNUSED_FUNCTION = YES;
				GCC_WARN_UNUSED_VARIABLE = YES;
				IPHONEOS_DEPLOYMENT_TARGET = 16.0;
				MTL_ENABLE_DEBUG_INFO = NO;
				MTL_FAST_MATH = YES;
				SDKROOT = iphoneos;
				SWIFT_COMPILATION_MODE = wholemodule;
				SWIFT_OPTIMIZATION_LEVEL = "-O";
				VALIDATE_PRODUCT = YES;
			};
			name = Release;
		};
		FCC28499293DAFD20064F7A5 /* Debug */ = {
			isa = XCBuildConfiguration;
			buildSettings = {
				ASSETCATALOG_COMPILER_APPICON_NAME = AppIcon;
				ASSETCATALOG_COMPILER_GLOBAL_ACCENT_COLOR_NAME = AccentColor;
				CODE_SIGN_STYLE = Automatic;
				CURRENT_PROJECT_VERSION = 1;
				DEVELOPMENT_ASSET_PATHS = "\"BearHub/Preview Content\"";
				DEVELOPMENT_TEAM = 2KKWGWYX86;
				ENABLE_PREVIEWS = YES;
				GENERATE_INFOPLIST_FILE = YES;
				INFOPLIST_KEY_UIApplicationSceneManifest_Generation = YES;
				INFOPLIST_KEY_UIApplicationSupportsIndirectInputEvents = YES;
				INFOPLIST_KEY_UILaunchScreen_Generation = YES;
				INFOPLIST_KEY_UISupportedInterfaceOrientations_iPad = "UIInterfaceOrientationPortrait UIInterfaceOrientationPortraitUpsideDown UIInterfaceOrientationLandscapeLeft UIInterfaceOrientationLandscapeRight";
				INFOPLIST_KEY_UISupportedInterfaceOrientations_iPhone = "UIInterfaceOrientationPortrait UIInterfaceOrientationLandscapeLeft UIInterfaceOrientationLandscapeRight";
				LD_RUNPATH_SEARCH_PATHS = (
					"$(inherited)",
					"@executable_path/Frameworks",
				);
				MARKETING_VERSION = 1.0;
				PRODUCT_BUNDLE_IDENTIFIER = com.sylviayang.BearHub;
				PRODUCT_NAME = "$(TARGET_NAME)";
				SWIFT_EMIT_LOC_STRINGS = YES;
				SWIFT_VERSION = 5.0;
				TARGETED_DEVICE_FAMILY = "1,2";
			};
			name = Debug;
		};
		FCC2849A293DAFD20064F7A5 /* Release */ = {
			isa = XCBuildConfiguration;
			buildSettings = {
				ASSETCATALOG_COMPILER_APPICON_NAME = AppIcon;
				ASSETCATALOG_COMPILER_GLOBAL_ACCENT_COLOR_NAME = AccentColor;
				CODE_SIGN_STYLE = Automatic;
				CURRENT_PROJECT_VERSION = 1;
				DEVELOPMENT_ASSET_PATHS = "\"BearHub/Preview Content\"";
				DEVELOPMENT_TEAM = 2KKWGWYX86;
				ENABLE_PREVIEWS = YES;
				GENERATE_INFOPLIST_FILE = YES;
				INFOPLIST_KEY_UIApplicationSceneManifest_Generation = YES;
				INFOPLIST_KEY_UIApplicationSupportsIndirectInputEvents = YES;
				INFOPLIST_KEY_UILaunchScreen_Generation = YES;
				INFOPLIST_KEY_UISupportedInterfaceOrientations_iPad = "UIInterfaceOrientationPortrait UIInterfaceOrientationPortraitUpsideDown UIInterfaceOrientationLandscapeLeft UIInterfaceOrientationLandscapeRight";
				INFOPLIST_KEY_UISupportedInterfaceOrientations_iPhone = "UIInterfaceOrientationPortrait UIInterfaceOrientationLandscapeLeft UIInterfaceOrientationLandscapeRight";
				LD_RUNPATH_SEARCH_PATHS = (
					"$(inherited)",
					"@executable_path/Frameworks",
				);
				MARKETING_VERSION = 1.0;
				PRODUCT_BUNDLE_IDENTIFIER = com.sylviayang.BearHub;
				PRODUCT_NAME = "$(TARGET_NAME)";
				SWIFT_EMIT_LOC_STRINGS = YES;
				SWIFT_VERSION = 5.0;
				TARGETED_DEVICE_FAMILY = "1,2";
			};
			name = Release;
		};
		FCC2849C293DAFD20064F7A5 /* Debug */ = {
			isa = XCBuildConfiguration;
			buildSettings = {
				ALWAYS_EMBED_SWIFT_STANDARD_LIBRARIES = YES;
				BUNDLE_LOADER = "$(TEST_HOST)";
				CODE_SIGN_STYLE = Automatic;
				CURRENT_PROJECT_VERSION = 1;
				DEVELOPMENT_TEAM = 2KKWGWYX86;
				GENERATE_INFOPLIST_FILE = YES;
				IPHONEOS_DEPLOYMENT_TARGET = 16.0;
				MARKETING_VERSION = 1.0;
				PRODUCT_BUNDLE_IDENTIFIER = com.sylviayang.BearHubTests;
				PRODUCT_NAME = "$(TARGET_NAME)";
				SWIFT_EMIT_LOC_STRINGS = NO;
				SWIFT_VERSION = 5.0;
				TARGETED_DEVICE_FAMILY = "1,2";
				TEST_HOST = "$(BUILT_PRODUCTS_DIR)/BearHub.app/$(BUNDLE_EXECUTABLE_FOLDER_PATH)/BearHub";
			};
			name = Debug;
		};
		FCC2849D293DAFD20064F7A5 /* Release */ = {
			isa = XCBuildConfiguration;
			buildSettings = {
				ALWAYS_EMBED_SWIFT_STANDARD_LIBRARIES = YES;
				BUNDLE_LOADER = "$(TEST_HOST)";
				CODE_SIGN_STYLE = Automatic;
				CURRENT_PROJECT_VERSION = 1;
				DEVELOPMENT_TEAM = 2KKWGWYX86;
				GENERATE_INFOPLIST_FILE = YES;
				IPHONEOS_DEPLOYMENT_TARGET = 16.0;
				MARKETING_VERSION = 1.0;
				PRODUCT_BUNDLE_IDENTIFIER = com.sylviayang.BearHubTests;
				PRODUCT_NAME = "$(TARGET_NAME)";
				SWIFT_EMIT_LOC_STRINGS = NO;
				SWIFT_VERSION = 5.0;
				TARGETED_DEVICE_FAMILY = "1,2";
				TEST_HOST = "$(BUILT_PRODUCTS_DIR)/BearHub.app/$(BUNDLE_EXECUTABLE_FOLDER_PATH)/BearHub";
			};
			name = Release;
		};
		FCC2849F293DAFD20064F7A5 /* Debug */ = {
			isa = XCBuildConfiguration;
			buildSettings = {
				ALWAYS_EMBED_SWIFT_STANDARD_LIBRARIES = YES;
				CODE_SIGN_STYLE = Automatic;
				CURRENT_PROJECT_VERSION = 1;
				DEVELOPMENT_TEAM = 2KKWGWYX86;
				GENERATE_INFOPLIST_FILE = YES;
				MARKETING_VERSION = 1.0;
				PRODUCT_BUNDLE_IDENTIFIER = com.sylviayang.BearHubUITests;
				PRODUCT_NAME = "$(TARGET_NAME)";
				SWIFT_EMIT_LOC_STRINGS = NO;
				SWIFT_VERSION = 5.0;
				TARGETED_DEVICE_FAMILY = "1,2";
				TEST_TARGET_NAME = BearHub;
			};
			name = Debug;
		};
		FCC284A0293DAFD20064F7A5 /* Release */ = {
			isa = XCBuildConfiguration;
			buildSettings = {
				ALWAYS_EMBED_SWIFT_STANDARD_LIBRARIES = YES;
				CODE_SIGN_STYLE = Automatic;
				CURRENT_PROJECT_VERSION = 1;
				DEVELOPMENT_TEAM = 2KKWGWYX86;
				GENERATE_INFOPLIST_FILE = YES;
				MARKETING_VERSION = 1.0;
				PRODUCT_BUNDLE_IDENTIFIER = com.sylviayang.BearHubUITests;
				PRODUCT_NAME = "$(TARGET_NAME)";
				SWIFT_EMIT_LOC_STRINGS = NO;
				SWIFT_VERSION = 5.0;
				TARGETED_DEVICE_FAMILY = "1,2";
				TEST_TARGET_NAME = BearHub;
			};
			name = Release;
		};
/* End XCBuildConfiguration section */

/* Begin XCConfigurationList section */
		FCC2846F293DAFD00064F7A5 /* Build configuration list for PBXProject "BearHub" */ = {
			isa = XCConfigurationList;
			buildConfigurations = (
				FCC28496293DAFD20064F7A5 /* Debug */,
				FCC28497293DAFD20064F7A5 /* Release */,
			);
			defaultConfigurationIsVisible = 0;
			defaultConfigurationName = Release;
		};
		FCC28498293DAFD20064F7A5 /* Build configuration list for PBXNativeTarget "BearHub" */ = {
			isa = XCConfigurationList;
			buildConfigurations = (
				FCC28499293DAFD20064F7A5 /* Debug */,
				FCC2849A293DAFD20064F7A5 /* Release */,
			);
			defaultConfigurationIsVisible = 0;
			defaultConfigurationName = Release;
		};
		FCC2849B293DAFD20064F7A5 /* Build configuration list for PBXNativeTarget "BearHubTests" */ = {
			isa = XCConfigurationList;
			buildConfigurations = (
				FCC2849C293DAFD20064F7A5 /* Debug */,
				FCC2849D293DAFD20064F7A5 /* Release */,
			);
			defaultConfigurationIsVisible = 0;
			defaultConfigurationName = Release;
		};
		FCC2849E293DAFD20064F7A5 /* Build configuration list for PBXNativeTarget "BearHubUITests" */ = {
			isa = XCConfigurationList;
			buildConfigurations = (
				FCC2849F293DAFD20064F7A5 /* Debug */,
				FCC284A0293DAFD20064F7A5 /* Release */,
			);
			defaultConfigurationIsVisible = 0;
			defaultConfigurationName = Release;
		};
/* End XCConfigurationList section */
	};
	rootObject = FCC2846C293DAFD00064F7A5 /* Project object */;
}
